
Microsoft Visual Studio Solution File, Format Version 12.00
# Visual Studio 15
VisualStudioVersion = 15.0.27428.2043
MinimumVisualStudioVersion = 10.0.40219.1
Project("{8BC9CEB8-8B4A-11D0-8D11-00A0C91BC942}") = "OS-Directory-Manager", "OS-Directory-Manager\OS-Directory-Manager.vcxproj", "{416358D7-8E9E-404F-9A4D-C47185E7D210}"
EndProject
Global
	GlobalSection(SolutionConfigurationPlatforms) = preSolution
		Debug|x64 = Debug|x64
		Debug|x86 = Debug|x86
		Release|x64 = Release|x64
		Release|x86 = Release|x86
	EndGlobalSection
	GlobalSection(ProjectConfigurationPlatforms) = postSolution
		{416358D7-8E9E-404F-9A4D-C47185E7D210}.Debug|x64.ActiveCfg = Debug|x64
		{416358D7-8E9E-404F-9A4D-C47185E7D210}.Debug|x64.Build.0 = Debug|x64
		{416358D7-8E9E-404F-9A4D-C47185E7D210}.Debug|x86.ActiveCfg = Debug|Win32
		{416358D7-8E9E-404F-9A4D-C47185E7D210}.Debug|x86.Build.0 = Debug|Win32
		{416358D7-8E9E-404F-9A4D-C47185E7D210}.Release|x64.ActiveCfg = Release|x64
		{416358D7-8E9E-404F-9A4D-C47185E7D210}.Release|x64.Build.0 = Release|x64
		{416358D7-8E9E-404F-9A4D-C47185E7D210}.Release|x86.ActiveCfg = Release|Win32
		{416358D7-8E9E-404F-9A4D-C47185E7D210}.Release|x86.Build.0 = Release|Win32
	EndGlobalSection
	GlobalSection(SolutionProperties) = preSolution
		HideSolutionNode = FALSE
	EndGlobalSection
	GlobalSection(ExtensibilityGlobals) = postSolution
		SolutionGuid = {375649BF-2D63-44F8-BEEB-0AA901C8A104}
	EndGlobalSection
EndGlobal
